
Microsoft Visual Studio Solution File, Format Version 12.00
# Visual Studio Version 17
VisualStudioVersion = 17.14.36327.8 d17.14
MinimumVisualStudioVersion = 10.0.40219.1
Project("{FAE04EC0-301F-11D3-BF4B-00C04F79EFBC}") = "Sistema_de_Manejo_de_Clientes_para_Consultorio_Medico", "Sistema_de_Manejo_de_Clientes_para_Consultorio_Medico.csproj", "{46274004-7A80-4A51-B989-6AB5C5A202DC}"
EndProject
Global
	GlobalSection(SolutionConfigurationPlatforms) = preSolution
		Debug|Any CPU = Debug|Any CPU
		Release|Any CPU = Release|Any CPU
	EndGlobalSection
	GlobalSection(ProjectConfigurationPlatforms) = postSolution
		{46274004-7A80-4A51-B989-6AB5C5A202DC}.Debug|Any CPU.ActiveCfg = Debug|Any CPU
		{46274004-7A80-4A51-B989-6AB5C5A202DC}.Debug|Any CPU.Build.0 = Debug|Any CPU
		{46274004-7A80-4A51-B989-6AB5C5A202DC}.Release|Any CPU.ActiveCfg = Release|Any CPU
		{46274004-7A80-4A51-B989-6AB5C5A202DC}.Release|Any CPU.Build.0 = Release|Any CPU
	EndGlobalSection
	GlobalSection(SolutionProperties) = preSolution
		HideSolutionNode = FALSE
	EndGlobalSection
	GlobalSection(ExtensibilityGlobals) = postSolution
		SolutionGuid = {CD96D14B-F5C6-4A21-AD61-91BD989989ED}
	EndGlobalSection
EndGlobal
